{
  "version": 4,
  "terraform_version": "1.12.2",
  "serial": 28,
  "lineage": "af2c7b04-bfa2-22cf-c438-b6c9a21b3fbc",
  "outputs": {
    "api_invoke_url": {
      "value": "https://5gjs77e5y2.execute-api.us-east-1.amazonaws.com/dev/myresource",
      "type": "string"
    }
  },
  "resources": [
    {
      "mode": "data",
      "type": "archive_file",
      "name": "lambda_zip",
      "provider": "provider[\"registry.terraform.io/hashicorp/archive\"]",
      "instances": [
        {
          "schema_version": 0,
          "attributes": {
            "exclude_symlink_directories": null,
            "excludes": null,
            "id": "ab7e672b06f6824ac320c0d9f4a36d30f746f305",
            "output_base64sha256": "4sS67dKghlWPjnGyy5Y51qvPqTcNjwos/Ei9CM5hlIs=",
            "output_base64sha512": "ySC3yGljoqLTGIhPxmVeZzytqI7vXAs62BQctoVHCbvYSQnXCGdl/u/jBRV4FREUGROqqp0MI2l3WUUb9Dyd6g==",
            "output_file_mode": null,
            "output_md5": "9b9d344dc462bfcef5538cf18666f289",
            "output_path": "./lambda.zip",
            "output_sha": "ab7e672b06f6824ac320c0d9f4a36d30f746f305",
            "output_sha256": "e2c4baedd2a086558f8e71b2cb9639d6abcfa9370d8f0a2cfc48bd08ce61948b",
            "output_sha512": "c920b7c86963a2a2d318884fc6655e673cada88eef5c0b3ad8141cb6854709bbd84909d7086765feefe30515781511141913aaaa9d0c23697759451bf43c9dea",
            "output_size": 262,
            "source": [],
            "source_content": null,
            "source_content_filename": null,
            "source_dir": null,
            "source_file": "./index.js",
            "type": "zip"
          },
          "sensitive_attributes": [],
          "identity_schema_version": 0
        }
      ]
    },
    {
      "mode": "data",
      "type": "aws_region",
      "name": "current",
      "provider": "provider[\"registry.terraform.io/hashicorp/aws\"]",
      "instances": [
        {
          "schema_version": 0,
          "attributes": {
            "description": "US East (N. Virginia)",
            "endpoint": "ec2.us-east-1.amazonaws.com",
            "id": "us-east-1",
            "name": "us-east-1",
            "region": "us-east-1"
          },
          "sensitive_attributes": [],
          "identity_schema_version": 0
        }
      ]
    },
    {
      "mode": "managed",
      "type": "aws_api_gateway_deployment",
      "name": "lambda_deployment",
      "provider": "provider[\"registry.terraform.io/hashicorp/aws\"]",
      "instances": [
        {
          "schema_version": 0,
          "attributes": {
            "created_date": "2025-08-08T00:45:01Z",
            "description": "",
            "id": "17g10o",
            "region": "us-east-1",
            "rest_api_id": "5gjs77e5y2",
            "triggers": null,
            "variables": null
          },
          "sensitive_attributes": [],
          "identity_schema_version": 0,
          "private": "bnVsbA==",
          "dependencies": [
            "aws_api_gateway_integration.get_integration",
            "aws_api_gateway_integration.post_integration",
            "aws_api_gateway_method.get_method",
            "aws_api_gateway_method.post_method",
            "aws_api_gateway_resource.lambda_resource",
            "aws_api_gateway_rest_api.lambda_api",
            "aws_iam_role.lambda_exec_role",
            "aws_lambda_function.my_lambda",
            "data.archive_file.lambda_zip",
            "local_file.lambda_code"
          ]
        }
      ]
    },
    {
      "mode": "managed",
      "type": "aws_api_gateway_integration",
      "name": "get_integration",
      "provider": "provider[\"registry.terraform.io/hashicorp/aws\"]",
      "instances": [
        {
          "schema_version": 0,
          "attributes": {
            "cache_key_parameters": [],
            "cache_namespace": "wzurdr",
            "connection_id": "",
            "connection_type": "INTERNET",
            "content_handling": "",
            "credentials": "",
            "http_method": "GET",
            "id": "agi-5gjs77e5y2-wzurdr-GET",
            "integration_http_method": "POST",
            "passthrough_behavior": "WHEN_NO_MATCH",
            "region": "us-east-1",
            "request_parameters": {},
            "request_templates": {},
            "resource_id": "wzurdr",
            "rest_api_id": "5gjs77e5y2",
            "timeout_milliseconds": 29000,
            "tls_config": [],
            "type": "AWS_PROXY",
            "uri": "arn:aws:apigateway:us-east-1:lambda:path/2015-03-31/functions/arn:aws:lambda:us-east-1:937266372538:function:MyTerraformLambdaNodeJS/invocations"
          },
          "sensitive_attributes": [],
          "identity_schema_version": 0,
          "private": "bnVsbA==",
          "dependencies": [
            "aws_api_gateway_method.get_method",
            "aws_api_gateway_resource.lambda_resource",
            "aws_api_gateway_rest_api.lambda_api",
            "aws_iam_role.lambda_exec_role",
            "aws_lambda_function.my_lambda",
            "data.archive_file.lambda_zip",
            "local_file.lambda_code"
          ]
        }
      ]
    },
    {
      "mode": "managed",
      "type": "aws_api_gateway_integration",
      "name": "post_integration",
      "provider": "provider[\"registry.terraform.io/hashicorp/aws\"]",
      "instances": [
        {
          "schema_version": 0,
          "attributes": {
            "cache_key_parameters": [],
            "cache_namespace": "wzurdr",
            "connection_id": "",
            "connection_type": "INTERNET",
            "content_handling": "",
            "credentials": "",
            "http_method": "POST",
            "id": "agi-5gjs77e5y2-wzurdr-POST",
            "integration_http_method": "POST",
            "passthrough_behavior": "WHEN_NO_MATCH",
            "region": "us-east-1",
            "request_parameters": {},
            "request_templates": {},
            "resource_id": "wzurdr",
            "rest_api_id": "5gjs77e5y2",
            "timeout_milliseconds": 29000,
            "tls_config": [],
            "type": "AWS_PROXY",
            "uri": "arn:aws:apigateway:us-east-1:lambda:path/2015-03-31/functions/arn:aws:lambda:us-east-1:937266372538:function:MyTerraformLambdaNodeJS/invocations"
          },
          "sensitive_attributes": [],
          "identity_schema_version": 0,
          "private": "bnVsbA==",
          "dependencies": [
            "aws_api_gateway_method.post_method",
            "aws_api_gateway_resource.lambda_resource",
            "aws_api_gateway_rest_api.lambda_api",
            "aws_iam_role.lambda_exec_role",
            "aws_lambda_function.my_lambda",
            "data.archive_file.lambda_zip",
            "local_file.lambda_code"
          ]
        }
      ]
    },
    {
      "mode": "managed",
      "type": "aws_api_gateway_method",
      "name": "get_method",
      "provider": "provider[\"registry.terraform.io/hashicorp/aws\"]",
      "instances": [
        {
          "schema_version": 0,
          "attributes": {
            "api_key_required": false,
            "authorization": "NONE",
            "authorization_scopes": [],
            "authorizer_id": "",
            "http_method": "GET",
            "id": "agm-5gjs77e5y2-wzurdr-GET",
            "operation_name": "",
            "region": "us-east-1",
            "request_models": {},
            "request_parameters": {},
            "request_validator_id": "",
            "resource_id": "wzurdr",
            "rest_api_id": "5gjs77e5y2"
          },
          "sensitive_attributes": [],
          "identity_schema_version": 0,
          "private": "bnVsbA==",
          "dependencies": [
            "aws_api_gateway_resource.lambda_resource",
            "aws_api_gateway_rest_api.lambda_api"
          ]
        }
      ]
    },
    {
      "mode": "managed",
      "type": "aws_api_gateway_method",
      "name": "post_method",
      "provider": "provider[\"registry.terraform.io/hashicorp/aws\"]",
      "instances": [
        {
          "schema_version": 0,
          "attributes": {
            "api_key_required": false,
            "authorization": "NONE",
            "authorization_scopes": [],
            "authorizer_id": "",
            "http_method": "POST",
            "id": "agm-5gjs77e5y2-wzurdr-POST",
            "operation_name": "",
            "region": "us-east-1",
            "request_models": {},
            "request_parameters": {},
            "request_validator_id": "",
            "resource_id": "wzurdr",
            "rest_api_id": "5gjs77e5y2"
          },
          "sensitive_attributes": [],
          "identity_schema_version": 0,
          "private": "bnVsbA==",
          "dependencies": [
            "aws_api_gateway_resource.lambda_resource",
            "aws_api_gateway_rest_api.lambda_api"
          ]
        }
      ]
    },
    {
      "mode": "managed",
      "type": "aws_api_gateway_resource",
      "name": "lambda_resource",
      "provider": "provider[\"registry.terraform.io/hashicorp/aws\"]",
      "instances": [
        {
          "schema_version": 0,
          "attributes": {
            "id": "wzurdr",
            "parent_id": "h3h2ic6qr2",
            "path": "/myresource",
            "path_part": "myresource",
            "region": "us-east-1",
            "rest_api_id": "5gjs77e5y2"
          },
          "sensitive_attributes": [],
          "identity_schema_version": 0,
          "private": "bnVsbA==",
          "dependencies": [
            "aws_api_gateway_rest_api.lambda_api"
          ]
        }
      ]
    },
    {
      "mode": "managed",
      "type": "aws_api_gateway_rest_api",
      "name": "lambda_api",
      "provider": "provider[\"registry.terraform.io/hashicorp/aws\"]",
      "instances": [
        {
          "schema_version": 0,
          "attributes": {
            "api_key_source": "HEADER",
            "arn": "arn:aws:apigateway:us-east-1::/restapis/5gjs77e5y2",
            "binary_media_types": [],
            "body": null,
            "created_date": "2025-08-08T00:44:59Z",
            "description": "API Gateway connected to Lambda",
            "disable_execute_api_endpoint": false,
            "endpoint_configuration": [
              {
                "ip_address_type": "ipv4",
                "types": [
                  "EDGE"
                ],
                "vpc_endpoint_ids": []
              }
            ],
            "execution_arn": "arn:aws:execute-api:us-east-1:937266372538:5gjs77e5y2",
            "fail_on_warnings": null,
            "id": "5gjs77e5y2",
            "minimum_compression_size": "",
            "name": "LambdaAPIGateway",
            "parameters": null,
            "policy": "",
            "put_rest_api_mode": null,
            "region": "us-east-1",
            "root_resource_id": "h3h2ic6qr2",
            "tags": {},
            "tags_all": {}
          },
          "sensitive_attributes": [],
          "identity_schema_version": 0,
          "private": "bnVsbA=="
        }
      ]
    },
    {
      "mode": "managed",
      "type": "aws_api_gateway_stage",
      "name": "dev_stage",
      "provider": "provider[\"registry.terraform.io/hashicorp/aws\"]",
      "instances": [
        {
          "schema_version": 0,
          "attributes": {
            "access_log_settings": [],
            "arn": "arn:aws:apigateway:us-east-1::/restapis/5gjs77e5y2/stages/dev",
            "cache_cluster_enabled": false,
            "cache_cluster_size": "",
            "canary_settings": [],
            "client_certificate_id": "",
            "deployment_id": "17g10o",
            "description": "",
            "documentation_version": "",
            "execution_arn": "arn:aws:execute-api:us-east-1:937266372538:5gjs77e5y2/dev",
            "id": "ags-5gjs77e5y2-dev",
            "invoke_url": "https://5gjs77e5y2.execute-api.us-east-1.amazonaws.com/dev",
            "region": "us-east-1",
            "rest_api_id": "5gjs77e5y2",
            "stage_name": "dev",
            "tags": {},
            "tags_all": {},
            "variables": {},
            "web_acl_arn": "",
            "xray_tracing_enabled": false
          },
          "sensitive_attributes": [],
          "identity_schema_version": 0,
          "private": "bnVsbA==",
          "dependencies": [
            "aws_api_gateway_deployment.lambda_deployment",
            "aws_api_gateway_integration.get_integration",
            "aws_api_gateway_integration.post_integration",
            "aws_api_gateway_method.get_method",
            "aws_api_gateway_method.post_method",
            "aws_api_gateway_resource.lambda_resource",
            "aws_api_gateway_rest_api.lambda_api",
            "aws_iam_role.lambda_exec_role",
            "aws_lambda_function.my_lambda",
            "data.archive_file.lambda_zip",
            "local_file.lambda_code"
          ]
        }
      ]
    },
    {
      "mode": "managed",
      "type": "aws_iam_policy",
      "name": "lambda_s3_policy",
      "provider": "provider[\"registry.terraform.io/hashicorp/aws\"]",
      "instances": [
        {
          "schema_version": 0,
          "attributes": {
            "arn": "arn:aws:iam::937266372538:policy/lambda-s3-policy",
            "attachment_count": 1,
            "description": "Allow Lambda to read/write to S3 bucket",
            "id": "arn:aws:iam::937266372538:policy/lambda-s3-policy",
            "name": "lambda-s3-policy",
            "name_prefix": "",
            "path": "/",
            "policy": "{\"Statement\":[{\"Action\":[\"s3:PutObject\",\"s3:GetObject\",\"s3:DeleteObject\"],\"Effect\":\"Allow\",\"Resource\":[\"arn:aws:s3:::lambda-s3-backend-98fe65e6/*\"]}],\"Version\":\"2012-10-17\"}",
            "policy_id": "ANPA5UOLN365BT3AS6ZVT",
            "tags": {},
            "tags_all": {}
          },
          "sensitive_attributes": [],
          "identity_schema_version": 0,
          "identity": {
            "arn": "arn:aws:iam::937266372538:policy/lambda-s3-policy"
          },
          "private": "bnVsbA==",
          "dependencies": [
            "aws_s3_bucket.lambda_bucket",
            "random_id.bucket_id"
          ]
        }
      ]
    },
    {
      "mode": "managed",
      "type": "aws_iam_role",
      "name": "lambda_exec_role",
      "provider": "provider[\"registry.terraform.io/hashicorp/aws\"]",
      "instances": [
        {
          "schema_version": 0,
          "attributes": {
            "arn": "arn:aws:iam::937266372538:role/lambda_exec_role",
            "assume_role_policy": "{\"Statement\":[{\"Action\":\"sts:AssumeRole\",\"Effect\":\"Allow\",\"Principal\":{\"Service\":\"lambda.amazonaws.com\"}}],\"Version\":\"2012-10-17\"}",
            "create_date": "2025-08-08T00:10:47Z",
            "description": "",
            "force_detach_policies": false,
            "id": "lambda_exec_role",
            "inline_policy": [],
            "managed_policy_arns": [
              "arn:aws:iam::937266372538:policy/lambda-s3-policy",
              "arn:aws:iam::aws:policy/service-role/AWSLambdaBasicExecutionRole"
            ],
            "max_session_duration": 3600,
            "name": "lambda_exec_role",
            "name_prefix": "",
            "path": "/",
            "permissions_boundary": "",
            "tags": {},
            "tags_all": {},
            "unique_id": "AROA5UOLN365B7HOSJH5W"
          },
          "sensitive_attributes": [],
          "identity_schema_version": 0,
          "identity": {
            "account_id": "937266372538",
            "name": "lambda_exec_role"
          },
          "private": "bnVsbA=="
        }
      ]
    },
    {
      "mode": "managed",
      "type": "aws_iam_role_policy_attachment",
      "name": "lambda_logs_policy",
      "provider": "provider[\"registry.terraform.io/hashicorp/aws\"]",
      "instances": [
        {
          "schema_version": 0,
          "attributes": {
            "id": "lambda_exec_role/arn:aws:iam::aws:policy/service-role/AWSLambdaBasicExecutionRole",
            "policy_arn": "arn:aws:iam::aws:policy/service-role/AWSLambdaBasicExecutionRole",
            "role": "lambda_exec_role"
          },
          "sensitive_attributes": [],
          "identity_schema_version": 0,
          "identity": {
            "account_id": "937266372538",
            "policy_arn": "arn:aws:iam::aws:policy/service-role/AWSLambdaBasicExecutionRole",
            "role": "lambda_exec_role"
          },
          "private": "bnVsbA==",
          "dependencies": [
            "aws_iam_role.lambda_exec_role"
          ]
        }
      ]
    },
    {
      "mode": "managed",
      "type": "aws_iam_role_policy_attachment",
      "name": "lambda_s3_attach",
      "provider": "provider[\"registry.terraform.io/hashicorp/aws\"]",
      "instances": [
        {
          "schema_version": 0,
          "attributes": {
            "id": "lambda_exec_role/arn:aws:iam::937266372538:policy/lambda-s3-policy",
            "policy_arn": "arn:aws:iam::937266372538:policy/lambda-s3-policy",
            "role": "lambda_exec_role"
          },
          "sensitive_attributes": [],
          "identity_schema_version": 0,
          "identity": {
            "account_id": "937266372538",
            "policy_arn": "arn:aws:iam::937266372538:policy/lambda-s3-policy",
            "role": "lambda_exec_role"
          },
          "private": "bnVsbA==",
          "dependencies": [
            "aws_iam_policy.lambda_s3_policy",
            "aws_iam_role.lambda_exec_role",
            "aws_s3_bucket.lambda_bucket",
            "random_id.bucket_id"
          ]
        }
      ]
    },
    {
      "mode": "managed",
      "type": "aws_lambda_function",
      "name": "my_lambda",
      "provider": "provider[\"registry.terraform.io/hashicorp/aws\"]",
      "instances": [
        {
          "schema_version": 0,
          "attributes": {
            "architectures": [
              "x86_64"
            ],
            "arn": "arn:aws:lambda:us-east-1:937266372538:function:MyTerraformLambdaNodeJS",
            "code_sha256": "4sS67dKghlWPjnGyy5Y51qvPqTcNjwos/Ei9CM5hlIs=",
            "code_signing_config_arn": "",
            "dead_letter_config": [],
            "description": "",
            "environment": [],
            "ephemeral_storage": [
              {
                "size": 512
              }
            ],
            "file_system_config": [],
            "filename": "./lambda.zip",
            "function_name": "MyTerraformLambdaNodeJS",
            "handler": "index.handler",
            "id": "MyTerraformLambdaNodeJS",
            "image_config": [],
            "image_uri": "",
            "invoke_arn": "arn:aws:apigateway:us-east-1:lambda:path/2015-03-31/functions/arn:aws:lambda:us-east-1:937266372538:function:MyTerraformLambdaNodeJS/invocations",
            "kms_key_arn": "",
            "last_modified": "2025-08-08T00:10:58.476+0000",
            "layers": [],
            "logging_config": [
              {
                "application_log_level": "",
                "log_format": "Text",
                "log_group": "/aws/lambda/MyTerraformLambdaNodeJS",
                "system_log_level": ""
              }
            ],
            "memory_size": 128,
            "package_type": "Zip",
            "publish": false,
            "qualified_arn": "arn:aws:lambda:us-east-1:937266372538:function:MyTerraformLambdaNodeJS:$LATEST",
            "qualified_invoke_arn": "arn:aws:apigateway:us-east-1:lambda:path/2015-03-31/functions/arn:aws:lambda:us-east-1:937266372538:function:MyTerraformLambdaNodeJS:$LATEST/invocations",
            "region": "us-east-1",
            "replace_security_groups_on_destroy": null,
            "replacement_security_group_ids": null,
            "reserved_concurrent_executions": -1,
            "role": "arn:aws:iam::937266372538:role/lambda_exec_role",
            "runtime": "nodejs20.x",
            "s3_bucket": null,
            "s3_key": null,
            "s3_object_version": null,
            "signing_job_arn": "",
            "signing_profile_version_arn": "",
            "skip_destroy": false,
            "snap_start": [],
            "source_code_hash": "4sS67dKghlWPjnGyy5Y51qvPqTcNjwos/Ei9CM5hlIs=",
            "source_code_size": 262,
            "tags": {},
            "tags_all": {},
            "timeout": 3,
            "timeouts": null,
            "tracing_config": [
              {
                "mode": "PassThrough"
              }
            ],
            "version": "$LATEST",
            "vpc_config": []
          },
          "sensitive_attributes": [],
          "identity_schema_version": 0,
          "private": "eyJlMmJmYjczMC1lY2FhLTExZTYtOGY4OC0zNDM2M2JjN2M0YzAiOnsiY3JlYXRlIjo2MDAwMDAwMDAwMDAsImRlbGV0ZSI6NjAwMDAwMDAwMDAwLCJ1cGRhdGUiOjYwMDAwMDAwMDAwMH19",
          "dependencies": [
            "aws_iam_role.lambda_exec_role",
            "data.archive_file.lambda_zip",
            "local_file.lambda_code"
          ]
        }
      ]
    },
    {
      "mode": "managed",
      "type": "aws_lambda_permission",
      "name": "apigw_get",
      "provider": "provider[\"registry.terraform.io/hashicorp/aws\"]",
      "instances": [
        {
          "schema_version": 0,
          "attributes": {
            "action": "lambda:InvokeFunction",
            "event_source_token": null,
            "function_name": "MyTerraformLambdaNodeJS",
            "function_url_auth_type": null,
            "id": "AllowAPIGatewayInvokeGET",
            "principal": "apigateway.amazonaws.com",
            "principal_org_id": null,
            "qualifier": "",
            "region": "us-east-1",
            "source_account": null,
            "source_arn": "arn:aws:execute-api:us-east-1:937266372538:5gjs77e5y2/*/GET/myresource",
            "statement_id": "AllowAPIGatewayInvokeGET",
            "statement_id_prefix": ""
          },
          "sensitive_attributes": [],
          "identity_schema_version": 0,
          "private": "bnVsbA==",
          "dependencies": [
            "aws_api_gateway_rest_api.lambda_api",
            "aws_iam_role.lambda_exec_role",
            "aws_lambda_function.my_lambda",
            "data.archive_file.lambda_zip",
            "local_file.lambda_code"
          ]
        }
      ]
    },
    {
      "mode": "managed",
      "type": "aws_lambda_permission",
      "name": "apigw_post",
      "provider": "provider[\"registry.terraform.io/hashicorp/aws\"]",
      "instances": [
        {
          "schema_version": 0,
          "attributes": {
            "action": "lambda:InvokeFunction",
            "event_source_token": null,
            "function_name": "MyTerraformLambdaNodeJS",
            "function_url_auth_type": null,
            "id": "AllowAPIGatewayInvokePOST",
            "principal": "apigateway.amazonaws.com",
            "principal_org_id": null,
            "qualifier": "",
            "region": "us-east-1",
            "source_account": null,
            "source_arn": "arn:aws:execute-api:us-east-1:937266372538:5gjs77e5y2/*/POST/myresource",
            "statement_id": "AllowAPIGatewayInvokePOST",
            "statement_id_prefix": ""
          },
          "sensitive_attributes": [],
          "identity_schema_version": 0,
          "private": "bnVsbA==",
          "dependencies": [
            "aws_api_gateway_rest_api.lambda_api",
            "aws_iam_role.lambda_exec_role",
            "aws_lambda_function.my_lambda",
            "data.archive_file.lambda_zip",
            "local_file.lambda_code"
          ]
        }
      ]
    },
    {
      "mode": "managed",
      "type": "aws_s3_bucket",
      "name": "lambda_bucket",
      "provider": "provider[\"registry.terraform.io/hashicorp/aws\"]",
      "instances": [
        {
          "schema_version": 0,
          "attributes": {
            "acceleration_status": "",
            "acl": "private",
            "arn": "arn:aws:s3:::lambda-s3-backend-98fe65e6",
            "bucket": "lambda-s3-backend-98fe65e6",
            "bucket_domain_name": "lambda-s3-backend-98fe65e6.s3.amazonaws.com",
            "bucket_prefix": "",
            "bucket_region": "us-east-1",
            "bucket_regional_domain_name": "lambda-s3-backend-98fe65e6.s3.us-east-1.amazonaws.com",
            "cors_rule": [],
            "force_destroy": false,
            "grant": [
              {
                "id": "c2190b9c13b30d495e80e95294ceefc0b38190bd424a4e65d1053fa8d88fd749",
                "permissions": [
                  "FULL_CONTROL"
                ],
                "type": "CanonicalUser",
                "uri": ""
              }
            ],
            "hosted_zone_id": "Z3AQBSTGFYJSTF",
            "id": "lambda-s3-backend-98fe65e6",
            "lifecycle_rule": [],
            "logging": [],
            "object_lock_configuration": [],
            "object_lock_enabled": false,
            "policy": "",
            "region": "us-east-1",
            "replication_configuration": [],
            "request_payer": "BucketOwner",
            "server_side_encryption_configuration": [
              {
                "rule": [
                  {
                    "apply_server_side_encryption_by_default": [
                      {
                        "kms_master_key_id": "",
                        "sse_algorithm": "AES256"
                      }
                    ],
                    "bucket_key_enabled": false
                  }
                ]
              }
            ],
            "tags": {
              "Name": "Lambda S3 Backend"
            },
            "tags_all": {
              "Name": "Lambda S3 Backend"
            },
            "timeouts": null,
            "versioning": [
              {
                "enabled": false,
                "mfa_delete": false
              }
            ],
            "website": [],
            "website_domain": null,
            "website_endpoint": null
          },
          "sensitive_attributes": [],
          "identity_schema_version": 0,
          "identity": {
            "account_id": "937266372538",
            "bucket": "lambda-s3-backend-98fe65e6",
            "region": "us-east-1"
          },
          "private": "eyJlMmJmYjczMC1lY2FhLTExZTYtOGY4OC0zNDM2M2JjN2M0YzAiOnsiY3JlYXRlIjoxMjAwMDAwMDAwMDAwLCJkZWxldGUiOjM2MDAwMDAwMDAwMDAsInJlYWQiOjEyMDAwMDAwMDAwMDAsInVwZGF0ZSI6MTIwMDAwMDAwMDAwMH19",
          "dependencies": [
            "random_id.bucket_id"
          ]
        }
      ]
    },
    {
      "mode": "managed",
      "type": "aws_s3_bucket_object",
      "name": "lambda_log_file",
      "provider": "provider[\"registry.terraform.io/hashicorp/aws\"]",
      "instances": [
        {
          "schema_version": 0,
          "attributes": {
            "acl": "private",
            "arn": "arn:aws:s3:::lambda-s3-backend-98fe65e6/logs/init.log",
            "bucket": "lambda-s3-backend-98fe65e6",
            "bucket_key_enabled": false,
            "cache_control": "",
            "content": "Lambda log storage initialized.",
            "content_base64": null,
            "content_disposition": "",
            "content_encoding": "",
            "content_language": "",
            "content_type": "application/octet-stream",
            "etag": "f5d9b033b7f3ac5530c2aaf16d831cec",
            "force_destroy": false,
            "id": "lambda-s3-backend-98fe65e6/logs/init.log",
            "key": "logs/init.log",
            "kms_key_id": null,
            "metadata": {},
            "object_lock_legal_hold_status": "",
            "object_lock_mode": "",
            "object_lock_retain_until_date": "",
            "region": "us-east-1",
            "server_side_encryption": "AES256",
            "source": null,
            "source_hash": null,
            "storage_class": "STANDARD",
            "tags": {},
            "tags_all": {},
            "version_id": "",
            "website_redirect": ""
          },
          "sensitive_attributes": [],
          "identity_schema_version": 0,
          "identity": {
            "account_id": "937266372538",
            "bucket": "lambda-s3-backend-98fe65e6",
            "key": "logs/init.log",
            "region": "us-east-1"
          },
          "private": "bnVsbA==",
          "dependencies": [
            "aws_iam_role.lambda_exec_role",
            "aws_lambda_function.my_lambda",
            "aws_s3_bucket.lambda_bucket",
            "data.archive_file.lambda_zip",
            "local_file.lambda_code",
            "random_id.bucket_id"
          ]
        }
      ]
    },
    {
      "mode": "managed",
      "type": "local_file",
      "name": "lambda_code",
      "provider": "provider[\"registry.terraform.io/hashicorp/local\"]",
      "instances": [
        {
          "schema_version": 0,
          "attributes": {
            "content": "exports.handler = async (event) =\u003e {\r\n    return {\r\n        statusCode: 200,\r\n        body: \"Hello from Lambda with Terraform and Node.js!\"\r\n    };\r\n};\r\n",
            "content_base64": null,
            "content_base64sha256": "OH8WAivCUqHNUZUeWZ28ntHAKP5+pSoaPJ6h7RiHzho=",
            "content_base64sha512": "JiLdZg7Xh51PH0nchOdKUBOgg7k1L23+YJXkr8GoCZsIOkQl+F5DU237gq4QNnpQKqE5k2agBReqcK6ccb42Yg==",
            "content_md5": "56a5896b8a4964807d01cf5761d22e30",
            "content_sha1": "7f2b7db61218379c52026861f732faf67e490fef",
            "content_sha256": "387f16022bc252a1cd51951e599dbc9ed1c028fe7ea52a1a3c9ea1ed1887ce1a",
            "content_sha512": "2622dd660ed7879d4f1f49dc84e74a5013a083b9352f6dfe6095e4afc1a8099b083a4425f85e43536dfb82ae10367a502aa1399366a00517aa70ae9c71be3662",
            "directory_permission": "0777",
            "file_permission": "0777",
            "filename": "./index.js",
            "id": "7f2b7db61218379c52026861f732faf67e490fef",
            "sensitive_content": null,
            "source": null
          },
          "sensitive_attributes": [
            [
              {
                "type": "get_attr",
                "value": "sensitive_content"
              }
            ]
          ],
          "identity_schema_version": 0
        }
      ]
    },
    {
      "mode": "managed",
      "type": "random_id",
      "name": "bucket_id",
      "provider": "provider[\"registry.terraform.io/hashicorp/random\"]",
      "instances": [
        {
          "schema_version": 0,
          "attributes": {
            "b64_std": "mP5l5g==",
            "b64_url": "mP5l5g",
            "byte_length": 4,
            "dec": "2566809062",
            "hex": "98fe65e6",
            "id": "mP5l5g",
            "keepers": null,
            "prefix": null
          },
          "sensitive_attributes": [],
          "identity_schema_version": 0
        }
      ]
    }
  ],
  "check_results": null
}
